{
  "name": "e2e",
  "version": "1.0.0",
  "lockfileVersion": 2,
  "requires": true,
  "packages": {
    "": {
      "name": "e2e",
      "version": "1.0.0",
      "license": "ISC",
      "devDependencies": {
        "@types/node": "16.18.114"
      }
    },
    "node_modules/@types/node": {
      "version": "16.18.114",
      "resolved": "https://registry.npmjs.org/@types/node/-/node-16.18.114.tgz",
      "integrity": "sha512-7oAtnxrgkMNzyzT443UDWwzkmYew81F1ZSPm3/lsITJfW/WludaSOpegTvUG+UdapcbrtWOtY/E4LyTkhPGJ5Q==",
      "dev": true
    }
  },
  "dependencies": {
    "@types/node": {
      "version": "16.18.114",
      "resolved": "https://registry.npmjs.org/@types/node/-/node-16.18.114.tgz",
      "integrity": "sha512-7oAtnxrgkMNzyzT443UDWwzkmYew81F1ZSPm3/lsITJfW/WludaSOpegTvUG+UdapcbrtWOtY/E4LyTkhPGJ5Q==",
      "dev": true
    }
  }
}
