{
  "name": "e2e",
  "version": "1.0.0",
  "lockfileVersion": 2,
  "requires": true,
  "packages": {
    "": {
      "name": "e2e",
      "version": "1.0.0",
      "license": "ISC",
      "devDependencies": {
        "@types/node": "16.18.115"
      }
    },
    "node_modules/@types/node": {
      "version": "16.18.115",
      "resolved": "https://registry.npmjs.org/@types/node/-/node-16.18.115.tgz",
      "integrity": "sha512-NF5ajYn+dq0tRfswdyp8Df75h7D9z+L8TCIwrXoh46ZLK6KZVXkRhf/luXaZytvm/keUo9vU4m1Bg39St91a5w==",
      "dev": true
    }
  },
  "dependencies": {
    "@types/node": {
      "version": "16.18.115",
      "resolved": "https://registry.npmjs.org/@types/node/-/node-16.18.115.tgz",
      "integrity": "sha512-NF5ajYn+dq0tRfswdyp8Df75h7D9z+L8TCIwrXoh46ZLK6KZVXkRhf/luXaZytvm/keUo9vU4m1Bg39St91a5w==",
      "dev": true
    }
  }
}
