{
  "name": "e2e",
  "version": "1.0.0",
  "lockfileVersion": 2,
  "requires": true,
  "packages": {
    "": {
      "name": "e2e",
      "version": "1.0.0",
      "license": "ISC",
      "devDependencies": {
        "@types/node": "16.18.91"
      }
    },
    "node_modules/@types/node": {
      "version": "16.18.91",
      "resolved": "https://registry.npmjs.org/@types/node/-/node-16.18.91.tgz",
      "integrity": "sha512-h8Q4klc8xzc9kJKr7UYNtJde5TU2qEePVyH3WyzJaUC+3ptyc5kPQbWOIUcn8ZsG5+KSkq+P0py0kC0VqxgAXw==",
      "dev": true
    }
  },
  "dependencies": {
    "@types/node": {
      "version": "16.18.91",
      "resolved": "https://registry.npmjs.org/@types/node/-/node-16.18.91.tgz",
      "integrity": "sha512-h8Q4klc8xzc9kJKr7UYNtJde5TU2qEePVyH3WyzJaUC+3ptyc5kPQbWOIUcn8ZsG5+KSkq+P0py0kC0VqxgAXw==",
      "dev": true
    }
  }
}
